// !$*UTF8*$!
{
	archiveVersion = 1;
	classes = {
	};
	objectVersion = 56;
	objects = {

/* Begin PBXBuildFile section */
		A6D610AF54E9B909B32B00F8 /* Pods_MoviePreview.framework in Frameworks */ = {isa = PBXBuildFile; fileRef = 19B6458834A8283C2ABB2C97 /* Pods_MoviePreview.framework */; };
		B72BFAEB2A978F4F00AEE19D /* AppDelegate.swift in Sources */ = {isa = PBXBuildFile; fileRef = B72BFAEA2A978F4F00AEE19D /* AppDelegate.swift */; };
		B72BFAED2A978F4F00AEE19D /* SceneDelegate.swift in Sources */ = {isa = PBXBuildFile; fileRef = B72BFAEC2A978F4F00AEE19D /* SceneDelegate.swift */; };
		B72BFAEF2A978F4F00AEE19D /* ViewController.swift in Sources */ = {isa = PBXBuildFile; fileRef = B72BFAEE2A978F4F00AEE19D /* ViewController.swift */; };
		B72BFAF22A978F4F00AEE19D /* Main.storyboard in Resources */ = {isa = PBXBuildFile; fileRef = B72BFAF02A978F4F00AEE19D /* Main.storyboard */; };
		B72BFAF42A978F5000AEE19D /* Assets.xcassets in Resources */ = {isa = PBXBuildFile; fileRef = B72BFAF32A978F5000AEE19D /* Assets.xcassets */; };
		B72BFAF72A978F5000AEE19D /* LaunchScreen.storyboard in Resources */ = {isa = PBXBuildFile; fileRef = B72BFAF52A978F5000AEE19D /* LaunchScreen.storyboard */; };
		B72BFB012A97F68F00AEE19D /* MoviesListVC.swift in Sources */ = {isa = PBXBuildFile; fileRef = B72BFB002A97F68F00AEE19D /* MoviesListVC.swift */; };
		B72BFB032A97F6AB00AEE19D /* MoviesDetailsVC.swift in Sources */ = {isa = PBXBuildFile; fileRef = B72BFB022A97F6AB00AEE19D /* MoviesDetailsVC.swift */; };
		B72BFB0C2A97F9A600AEE19D /* Constants.swift in Sources */ = {isa = PBXBuildFile; fileRef = B72BFB0B2A97F9A600AEE19D /* Constants.swift */; };
		B72BFB0E2A97FBED00AEE19D /* GenreModel.swift in Sources */ = {isa = PBXBuildFile; fileRef = B72BFB0D2A97FBED00AEE19D /* GenreModel.swift */; };
		B72BFB102A97FCDD00AEE19D /* MoviesListModel.swift in Sources */ = {isa = PBXBuildFile; fileRef = B72BFB0F2A97FCDD00AEE19D /* MoviesListModel.swift */; };
		B72BFB122A9800CC00AEE19D /* APIManager.swift in Sources */ = {isa = PBXBuildFile; fileRef = B72BFB112A9800CC00AEE19D /* APIManager.swift */; };
		B72BFB142A980DA800AEE19D /* Conenctivity.swift in Sources */ = {isa = PBXBuildFile; fileRef = B72BFB132A980DA800AEE19D /* Conenctivity.swift */; };
		B72BFB182A981E0D00AEE19D /* MoviesListCell.swift in Sources */ = {isa = PBXBuildFile; fileRef = B72BFB162A981E0D00AEE19D /* MoviesListCell.swift */; };
		B72BFB1B2A981F4500AEE19D /* UIView.swift in Sources */ = {isa = PBXBuildFile; fileRef = B72BFB1A2A981F4500AEE19D /* UIView.swift */; };
/* End PBXBuildFile section */

/* Begin PBXFileReference section */
		19B6458834A8283C2ABB2C97 /* Pods_MoviePreview.framework */ = {isa = PBXFileReference; explicitFileType = wrapper.framework; includeInIndex = 0; path = Pods_MoviePreview.framework; sourceTree = BUILT_PRODUCTS_DIR; };
		262B68C4CE834AC8ABEC66DD /* Pods-MoviePreview.release.xcconfig */ = {isa = PBXFileReference; includeInIndex = 1; lastKnownFileType = text.xcconfig; name = "Pods-MoviePreview.release.xcconfig"; path = "Target Support Files/Pods-MoviePreview/Pods-MoviePreview.release.xcconfig"; sourceTree = "<group>"; };
		89DE84D1A7C1D2CF46CBA2A3 /* Pods-MoviePreview.debug.xcconfig */ = {isa = PBXFileReference; includeInIndex = 1; lastKnownFileType = text.xcconfig; name = "Pods-MoviePreview.debug.xcconfig"; path = "Target Support Files/Pods-MoviePreview/Pods-MoviePreview.debug.xcconfig"; sourceTree = "<group>"; };
		B72BFAE72A978F4F00AEE19D /* MoviePreview.app */ = {isa = PBXFileReference; explicitFileType = wrapper.application; includeInIndex = 0; path = MoviePreview.app; sourceTree = BUILT_PRODUCTS_DIR; };
		B72BFAEA2A978F4F00AEE19D /* AppDelegate.swift */ = {isa = PBXFileReference; lastKnownFileType = sourcecode.swift; path = AppDelegate.swift; sourceTree = "<group>"; };
		B72BFAEC2A978F4F00AEE19D /* SceneDelegate.swift */ = {isa = PBXFileReference; lastKnownFileType = sourcecode.swift; path = SceneDelegate.swift; sourceTree = "<group>"; };
		B72BFAEE2A978F4F00AEE19D /* ViewController.swift */ = {isa = PBXFileReference; lastKnownFileType = sourcecode.swift; path = ViewController.swift; sourceTree = "<group>"; };
		B72BFAF12A978F4F00AEE19D /* Base */ = {isa = PBXFileReference; lastKnownFileType = file.storyboard; name = Base; path = Base.lproj/Main.storyboard; sourceTree = "<group>"; };
		B72BFAF32A978F5000AEE19D /* Assets.xcassets */ = {isa = PBXFileReference; lastKnownFileType = folder.assetcatalog; path = Assets.xcassets; sourceTree = "<group>"; };
		B72BFAF62A978F5000AEE19D /* Base */ = {isa = PBXFileReference; lastKnownFileType = file.storyboard; name = Base; path = Base.lproj/LaunchScreen.storyboard; sourceTree = "<group>"; };
		B72BFAF82A978F5000AEE19D /* Info.plist */ = {isa = PBXFileReference; lastKnownFileType = text.plist.xml; path = Info.plist; sourceTree = "<group>"; };
		B72BFB002A97F68F00AEE19D /* MoviesListVC.swift */ = {isa = PBXFileReference; lastKnownFileType = sourcecode.swift; path = MoviesListVC.swift; sourceTree = "<group>"; };
		B72BFB022A97F6AB00AEE19D /* MoviesDetailsVC.swift */ = {isa = PBXFileReference; lastKnownFileType = sourcecode.swift; path = MoviesDetailsVC.swift; sourceTree = "<group>"; };
		B72BFB0B2A97F9A600AEE19D /* Constants.swift */ = {isa = PBXFileReference; lastKnownFileType = sourcecode.swift; path = Constants.swift; sourceTree = "<group>"; };
		B72BFB0D2A97FBED00AEE19D /* GenreModel.swift */ = {isa = PBXFileReference; lastKnownFileType = sourcecode.swift; path = GenreModel.swift; sourceTree = "<group>"; };
		B72BFB0F2A97FCDD00AEE19D /* MoviesListModel.swift */ = {isa = PBXFileReference; lastKnownFileType = sourcecode.swift; path = MoviesListModel.swift; sourceTree = "<group>"; };
		B72BFB112A9800CC00AEE19D /* APIManager.swift */ = {isa = PBXFileReference; lastKnownFileType = sourcecode.swift; path = APIManager.swift; sourceTree = "<group>"; };
		B72BFB132A980DA800AEE19D /* Conenctivity.swift */ = {isa = PBXFileReference; lastKnownFileType = sourcecode.swift; path = Conenctivity.swift; sourceTree = "<group>"; };
		B72BFB162A981E0D00AEE19D /* MoviesListCell.swift */ = {isa = PBXFileReference; lastKnownFileType = sourcecode.swift; path = MoviesListCell.swift; sourceTree = "<group>"; };
		B72BFB1A2A981F4500AEE19D /* UIView.swift */ = {isa = PBXFileReference; lastKnownFileType = sourcecode.swift; path = UIView.swift; sourceTree = "<group>"; };
/* End PBXFileReference section */

/* Begin PBXFrameworksBuildPhase section */
		B72BFAE42A978F4F00AEE19D /* Frameworks */ = {
			isa = PBXFrameworksBuildPhase;
			buildActionMask = 2147483647;
			files = (
				A6D610AF54E9B909B32B00F8 /* Pods_MoviePreview.framework in Frameworks */,
			);
			runOnlyForDeploymentPostprocessing = 0;
		};
/* End PBXFrameworksBuildPhase section */

/* Begin PBXGroup section */
		B6785558E9376C6AA39EDB00 /* Frameworks */ = {
			isa = PBXGroup;
			children = (
				19B6458834A8283C2ABB2C97 /* Pods_MoviePreview.framework */,
			);
			name = Frameworks;
			sourceTree = "<group>";
		};
		B72BFADE2A978F4F00AEE19D = {
			isa = PBXGroup;
			children = (
				B72BFAE92A978F4F00AEE19D /* MoviePreview */,
				B72BFAE82A978F4F00AEE19D /* Products */,
				F0F0231A8EBCF0DD8544B485 /* Pods */,
				B6785558E9376C6AA39EDB00 /* Frameworks */,
			);
			sourceTree = "<group>";
		};
		B72BFAE82A978F4F00AEE19D /* Products */ = {
			isa = PBXGroup;
			children = (
				B72BFAE72A978F4F00AEE19D /* MoviePreview.app */,
			);
			name = Products;
			sourceTree = "<group>";
		};
		B72BFAE92A978F4F00AEE19D /* MoviePreview */ = {
			isa = PBXGroup;
			children = (
				B72BFB152A981DEE00AEE19D /* Cells */,
				B72BFB0A2A97F92C00AEE19D /* Model */,
				B72BFB072A97F71200AEE19D /* ViewControllers */,
				B72BFAFF2A97F51C00AEE19D /* HelperClasses */,
				B72BFAFE2A97F50400AEE19D /* Extensions */,
				B72BFAEA2A978F4F00AEE19D /* AppDelegate.swift */,
				B72BFAEC2A978F4F00AEE19D /* SceneDelegate.swift */,
				B72BFAEE2A978F4F00AEE19D /* ViewController.swift */,
				B72BFAF02A978F4F00AEE19D /* Main.storyboard */,
				B72BFAF32A978F5000AEE19D /* Assets.xcassets */,
				B72BFAF52A978F5000AEE19D /* LaunchScreen.storyboard */,
				B72BFAF82A978F5000AEE19D /* Info.plist */,
			);
			path = MoviePreview;
			sourceTree = "<group>";
		};
		B72BFAFE2A97F50400AEE19D /* Extensions */ = {
			isa = PBXGroup;
			children = (
				B72BFB132A980DA800AEE19D /* Conenctivity.swift */,
				B72BFB1A2A981F4500AEE19D /* UIView.swift */,
			);
			path = Extensions;
			sourceTree = "<group>";
		};
		B72BFAFF2A97F51C00AEE19D /* HelperClasses */ = {
			isa = PBXGroup;
			children = (
				B72BFB112A9800CC00AEE19D /* APIManager.swift */,
			);
			path = HelperClasses;
			sourceTree = "<group>";
		};
		B72BFB072A97F71200AEE19D /* ViewControllers */ = {
			isa = PBXGroup;
			children = (
				B72BFB002A97F68F00AEE19D /* MoviesListVC.swift */,
				B72BFB022A97F6AB00AEE19D /* MoviesDetailsVC.swift */,
			);
			path = ViewControllers;
			sourceTree = "<group>";
		};
		B72BFB0A2A97F92C00AEE19D /* Model */ = {
			isa = PBXGroup;
			children = (
				B72BFB0B2A97F9A600AEE19D /* Constants.swift */,
				B72BFB0D2A97FBED00AEE19D /* GenreModel.swift */,
				B72BFB0F2A97FCDD00AEE19D /* MoviesListModel.swift */,
			);
			path = Model;
			sourceTree = "<group>";
		};
		B72BFB152A981DEE00AEE19D /* Cells */ = {
			isa = PBXGroup;
			children = (
				B72BFB162A981E0D00AEE19D /* MoviesListCell.swift */,
			);
			path = Cells;
			sourceTree = "<group>";
		};
		F0F0231A8EBCF0DD8544B485 /* Pods */ = {
			isa = PBXGroup;
			children = (
				89DE84D1A7C1D2CF46CBA2A3 /* Pods-MoviePreview.debug.xcconfig */,
				262B68C4CE834AC8ABEC66DD /* Pods-MoviePreview.release.xcconfig */,
			);
			path = Pods;
			sourceTree = "<group>";
		};
/* End PBXGroup section */

/* Begin PBXNativeTarget section */
		B72BFAE62A978F4F00AEE19D /* MoviePreview */ = {
			isa = PBXNativeTarget;
			buildConfigurationList = B72BFAFB2A978F5000AEE19D /* Build configuration list for PBXNativeTarget "MoviePreview" */;
			buildPhases = (
				F399E48F08061912939B01C5 /* [CP] Check Pods Manifest.lock */,
				B72BFAE32A978F4F00AEE19D /* Sources */,
				B72BFAE42A978F4F00AEE19D /* Frameworks */,
				B72BFAE52A978F4F00AEE19D /* Resources */,
				1DAB524DA6D934B9BA9B7D25 /* [CP] Embed Pods Frameworks */,
			);
			buildRules = (
			);
			dependencies = (
			);
			name = MoviePreview;
			productName = MoviePreview;
			productReference = B72BFAE72A978F4F00AEE19D /* MoviePreview.app */;
			productType = "com.apple.product-type.application";
		};
/* End PBXNativeTarget section */

/* Begin PBXProject section */
		B72BFADF2A978F4F00AEE19D /* Project object */ = {
			isa = PBXProject;
			attributes = {
				BuildIndependentTargetsInParallel = 1;
				LastSwiftUpdateCheck = 1430;
				LastUpgradeCheck = 1430;
				TargetAttributes = {
					B72BFAE62A978F4F00AEE19D = {
						CreatedOnToolsVersion = 14.3.1;
					};
				};
			};
			buildConfigurationList = B72BFAE22A978F4F00AEE19D /* Build configuration list for PBXProject "MoviePreview" */;
			compatibilityVersion = "Xcode 14.0";
			developmentRegion = en;
			hasScannedForEncodings = 0;
			knownRegions = (
				en,
				Base,
			);
			mainGroup = B72BFADE2A978F4F00AEE19D;
			productRefGroup = B72BFAE82A978F4F00AEE19D /* Products */;
			projectDirPath = "";
			projectRoot = "";
			targets = (
				B72BFAE62A978F4F00AEE19D /* MoviePreview */,
			);
		};
/* End PBXProject section */

/* Begin PBXResourcesBuildPhase section */
		B72BFAE52A978F4F00AEE19D /* Resources */ = {
			isa = PBXResourcesBuildPhase;
			buildActionMask = 2147483647;
			files = (
				B72BFAF72A978F5000AEE19D /* LaunchScreen.storyboard in Resources */,
				B72BFAF42A978F5000AEE19D /* Assets.xcassets in Resources */,
				B72BFAF22A978F4F00AEE19D /* Main.storyboard in Resources */,
			);
			runOnlyForDeploymentPostprocessing = 0;
		};
/* End PBXResourcesBuildPhase section */

/* Begin PBXShellScriptBuildPhase section */
		1DAB524DA6D934B9BA9B7D25 /* [CP] Embed Pods Frameworks */ = {
			isa = PBXShellScriptBuildPhase;
			buildActionMask = 2147483647;
			files = (
			);
			inputFileListPaths = (
				"${PODS_ROOT}/Target Support Files/Pods-MoviePreview/Pods-MoviePreview-frameworks-${CONFIGURATION}-input-files.xcfilelist",
			);
			name = "[CP] Embed Pods Frameworks";
			outputFileListPaths = (
				"${PODS_ROOT}/Target Support Files/Pods-MoviePreview/Pods-MoviePreview-frameworks-${CONFIGURATION}-output-files.xcfilelist",
			);
			runOnlyForDeploymentPostprocessing = 0;
			shellPath = /bin/sh;
			shellScript = "\"${PODS_ROOT}/Target Support Files/Pods-MoviePreview/Pods-MoviePreview-frameworks.sh\"\n";
			showEnvVarsInLog = 0;
		};
		F399E48F08061912939B01C5 /* [CP] Check Pods Manifest.lock */ = {
			isa = PBXShellScriptBuildPhase;
			buildActionMask = 2147483647;
			files = (
			);
			inputFileListPaths = (
			);
			inputPaths = (
				"${PODS_PODFILE_DIR_PATH}/Podfile.lock",
				"${PODS_ROOT}/Manifest.lock",
			);
			name = "[CP] Check Pods Manifest.lock";
			outputFileListPaths = (
			);
			outputPaths = (
				"$(DERIVED_FILE_DIR)/Pods-MoviePreview-checkManifestLockResult.txt",
			);
			runOnlyForDeploymentPostprocessing = 0;
			shellPath = /bin/sh;
			shellScript = "diff \"${PODS_PODFILE_DIR_PATH}/Podfile.lock\" \"${PODS_ROOT}/Manifest.lock\" > /dev/null\nif [ $? != 0 ] ; then\n    # print error to STDERR\n    echo \"error: The sandbox is not in sync with the Podfile.lock. Run 'pod install' or update your CocoaPods installation.\" >&2\n    exit 1\nfi\n# This output is used by Xcode 'outputs' to avoid re-running this script phase.\necho \"SUCCESS\" > \"${SCRIPT_OUTPUT_FILE_0}\"\n";
			showEnvVarsInLog = 0;
		};
/* End PBXShellScriptBuildPhase section */

/* Begin PBXSourcesBuildPhase section */
		B72BFAE32A978F4F00AEE19D /* Sources */ = {
			isa = PBXSourcesBuildPhase;
			buildActionMask = 2147483647;
			files = (
				B72BFB182A981E0D00AEE19D /* MoviesListCell.swift in Sources */,
				B72BFAEF2A978F4F00AEE19D /* ViewController.swift in Sources */,
				B72BFB012A97F68F00AEE19D /* MoviesListVC.swift in Sources */,
				B72BFB0E2A97FBED00AEE19D /* GenreModel.swift in Sources */,
				B72BFB1B2A981F4500AEE19D /* UIView.swift in Sources */,
				B72BFB122A9800CC00AEE19D /* APIManager.swift in Sources */,
				B72BFAEB2A978F4F00AEE19D /* AppDelegate.swift in Sources */,
				B72BFAED2A978F4F00AEE19D /* SceneDelegate.swift in Sources */,
				B72BFB142A980DA800AEE19D /* Conenctivity.swift in Sources */,
				B72BFB032A97F6AB00AEE19D /* MoviesDetailsVC.swift in Sources */,
				B72BFB102A97FCDD00AEE19D /* MoviesListModel.swift in Sources */,
				B72BFB0C2A97F9A600AEE19D /* Constants.swift in Sources */,
			);
			runOnlyForDeploymentPostprocessing = 0;
		};
/* End PBXSourcesBuildPhase section */

/* Begin PBXVariantGroup section */
		B72BFAF02A978F4F00AEE19D /* Main.storyboard */ = {
			isa = PBXVariantGroup;
			children = (
				B72BFAF12A978F4F00AEE19D /* Base */,
			);
			name = Main.storyboard;
			sourceTree = "<group>";
		};
		B72BFAF52A978F5000AEE19D /* LaunchScreen.storyboard */ = {
			isa = PBXVariantGroup;
			children = (
				B72BFAF62A978F5000AEE19D /* Base */,
			);
			name = LaunchScreen.storyboard;
			sourceTree = "<group>";
		};
/* End PBXVariantGroup section */

/* Begin XCBuildConfiguration section */
		B72BFAF92A978F5000AEE19D /* Debug */ = {
			isa = XCBuildConfiguration;
			buildSettings = {
				ALWAYS_SEARCH_USER_PATHS = NO;
				CLANG_ANALYZER_NONNULL = YES;
				CLANG_ANALYZER_NUMBER_OBJECT_CONVERSION = YES_AGGRESSIVE;
				CLANG_CXX_LANGUAGE_STANDARD = "gnu++20";
				CLANG_ENABLE_MODULES = YES;
				CLANG_ENABLE_OBJC_ARC = YES;
				CLANG_ENABLE_OBJC_WEAK = YES;
				CLANG_WARN_BLOCK_CAPTURE_AUTORELEASING = YES;
				CLANG_WARN_BOOL_CONVERSION = YES;
				CLANG_WARN_COMMA = YES;
				CLANG_WARN_CONSTANT_CONVERSION = YES;
				CLANG_WARN_DEPRECATED_OBJC_IMPLEMENTATIONS = YES;
				CLANG_WARN_DIRECT_OBJC_ISA_USAGE = YES_ERROR;
				CLANG_WARN_DOCUMENTATION_COMMENTS = YES;
				CLANG_WARN_EMPTY_BODY = YES;
				CLANG_WARN_ENUM_CONVERSION = YES;
				CLANG_WARN_INFINITE_RECURSION = YES;
				CLANG_WARN_INT_CONVERSION = YES;
				CLANG_WARN_NON_LITERAL_NULL_CONVERSION = YES;
				CLANG_WARN_OBJC_IMPLICIT_RETAIN_SELF = YES;
				CLANG_WARN_OBJC_LITERAL_CONVERSION = YES;
				CLANG_WARN_OBJC_ROOT_CLASS = YES_ERROR;
				CLANG_WARN_QUOTED_INCLUDE_IN_FRAMEWORK_HEADER = YES;
				CLANG_WARN_RANGE_LOOP_ANALYSIS = YES;
				CLANG_WARN_STRICT_PROTOTYPES = YES;
				CLANG_WARN_SUSPICIOUS_MOVE = YES;
				CLANG_WARN_UNGUARDED_AVAILABILITY = YES_AGGRESSIVE;
				CLANG_WARN_UNREACHABLE_CODE = YES;
				CLANG_WARN__DUPLICATE_METHOD_MATCH = YES;
				COPY_PHASE_STRIP = NO;
				DEBUG_INFORMATION_FORMAT = dwarf;
				ENABLE_STRICT_OBJC_MSGSEND = YES;
				ENABLE_TESTABILITY = YES;
				GCC_C_LANGUAGE_STANDARD = gnu11;
				GCC_DYNAMIC_NO_PIC = NO;
				GCC_NO_COMMON_BLOCKS = YES;
				GCC_OPTIMIZATION_LEVEL = 0;
				GCC_PREPROCESSOR_DEFINITIONS = (
					"DEBUG=1",
					"$(inherited)",
				);
				GCC_WARN_64_TO_32_BIT_CONVERSION = YES;
				GCC_WARN_ABOUT_RETURN_TYPE = YES_ERROR;
				GCC_WARN_UNDECLARED_SELECTOR = YES;
				GCC_WARN_UNINITIALIZED_AUTOS = YES_AGGRESSIVE;
				GCC_WARN_UNUSED_FUNCTION = YES;
				GCC_WARN_UNUSED_VARIABLE = YES;
				IPHONEOS_DEPLOYMENT_TARGET = 16.4;
				MTL_ENABLE_DEBUG_INFO = INCLUDE_SOURCE;
				MTL_FAST_MATH = YES;
				ONLY_ACTIVE_ARCH = YES;
				SDKROOT = iphoneos;
				SWIFT_ACTIVE_COMPILATION_CONDITIONS = DEBUG;
				SWIFT_OPTIMIZATION_LEVEL = "-Onone";
			};
			name = Debug;
		};
		B72BFAFA2A978F5000AEE19D /* Release */ = {
			isa = XCBuildConfiguration;
			buildSettings = {
				ALWAYS_SEARCH_USER_PATHS = NO;
				CLANG_ANALYZER_NONNULL = YES;
				CLANG_ANALYZER_NUMBER_OBJECT_CONVERSION = YES_AGGRESSIVE;
				CLANG_CXX_LANGUAGE_STANDARD = "gnu++20";
				CLANG_ENABLE_MODULES = YES;
				CLANG_ENABLE_OBJC_ARC = YES;
				CLANG_ENABLE_OBJC_WEAK = YES;
				CLANG_WARN_BLOCK_CAPTURE_AUTORELEASING = YES;
				CLANG_WARN_BOOL_CONVERSION = YES;
				CLANG_WARN_COMMA = YES;
				CLANG_WARN_CONSTANT_CONVERSION = YES;
				CLANG_WARN_DEPRECATED_OBJC_IMPLEMENTATIONS = YES;
				CLANG_WARN_DIRECT_OBJC_ISA_USAGE = YES_ERROR;
				CLANG_WARN_DOCUMENTATION_COMMENTS = YES;
				CLANG_WARN_EMPTY_BODY = YES;
				CLANG_WARN_ENUM_CONVERSION = YES;
				CLANG_WARN_INFINITE_RECURSION = YES;
				CLANG_WARN_INT_CONVERSION = YES;
				CLANG_WARN_NON_LITERAL_NULL_CONVERSION = YES;
				CLANG_WARN_OBJC_IMPLICIT_RETAIN_SELF = YES;
				CLANG_WARN_OBJC_LITERAL_CONVERSION = YES;
				CLANG_WARN_OBJC_ROOT_CLASS = YES_ERROR;
				CLANG_WARN_QUOTED_INCLUDE_IN_FRAMEWORK_HEADER = YES;
				CLANG_WARN_RANGE_LOOP_ANALYSIS = YES;
				CLANG_WARN_STRICT_PROTOTYPES = YES;
				CLANG_WARN_SUSPICIOUS_MOVE = YES;
				CLANG_WARN_UNGUARDED_AVAILABILITY = YES_AGGRESSIVE;
				CLANG_WARN_UNREACHABLE_CODE = YES;
				CLANG_WARN__DUPLICATE_METHOD_MATCH = YES;
				COPY_PHASE_STRIP = NO;
				DEBUG_INFORMATION_FORMAT = "dwarf-with-dsym";
				ENABLE_NS_ASSERTIONS = NO;
				ENABLE_STRICT_OBJC_MSGSEND = YES;
				GCC_C_LANGUAGE_STANDARD = gnu11;
				GCC_NO_COMMON_BLOCKS = YES;
				GCC_WARN_64_TO_32_BIT_CONVERSION = YES;
				GCC_WARN_ABOUT_RETURN_TYPE = YES_ERROR;
				GCC_WARN_UNDECLARED_SELECTOR = YES;
				GCC_WARN_UNINITIALIZED_AUTOS = YES_AGGRESSIVE;
				GCC_WARN_UNUSED_FUNCTION = YES;
				GCC_WARN_UNUSED_VARIABLE = YES;
				IPHONEOS_DEPLOYMENT_TARGET = 16.4;
				MTL_ENABLE_DEBUG_INFO = NO;
				MTL_FAST_MATH = YES;
				SDKROOT = iphoneos;
				SWIFT_COMPILATION_MODE = wholemodule;
				SWIFT_OPTIMIZATION_LEVEL = "-O";
				VALIDATE_PRODUCT = YES;
			};
			name = Release;
		};
		B72BFAFC2A978F5000AEE19D /* Debug */ = {
			isa = XCBuildConfiguration;
			baseConfigurationReference = 89DE84D1A7C1D2CF46CBA2A3 /* Pods-MoviePreview.debug.xcconfig */;
			buildSettings = {
				ASSETCATALOG_COMPILER_APPICON_NAME = AppIcon;
				ASSETCATALOG_COMPILER_GLOBAL_ACCENT_COLOR_NAME = AccentColor;
				CODE_SIGN_STYLE = Automatic;
				CURRENT_PROJECT_VERSION = 1;
				GENERATE_INFOPLIST_FILE = YES;
				INFOPLIST_FILE = MoviePreview/Info.plist;
				INFOPLIST_KEY_UIApplicationSupportsIndirectInputEvents = YES;
				INFOPLIST_KEY_UILaunchStoryboardName = LaunchScreen;
				INFOPLIST_KEY_UIMainStoryboardFile = Main;
				INFOPLIST_KEY_UISupportedInterfaceOrientations_iPad = "UIInterfaceOrientationPortrait UIInterfaceOrientationPortraitUpsideDown UIInterfaceOrientationLandscapeLeft UIInterfaceOrientationLandscapeRight";
				INFOPLIST_KEY_UISupportedInterfaceOrientations_iPhone = "UIInterfaceOrientationPortrait UIInterfaceOrientationLandscapeLeft UIInterfaceOrientationLandscapeRight";
				IPHONEOS_DEPLOYMENT_TARGET = 13.0;
				LD_RUNPATH_SEARCH_PATHS = (
					"$(inherited)",
					"@executable_path/Frameworks",
				);
				MARKETING_VERSION = 1.0;
				PRODUCT_BUNDLE_IDENTIFIER = com.movieDB.MoviePreview;
				PRODUCT_NAME = "$(TARGET_NAME)";
				SWIFT_EMIT_LOC_STRINGS = YES;
				SWIFT_VERSION = 5.0;
				TARGETED_DEVICE_FAMILY = "1,2";
			};
			name = Debug;
		};
		B72BFAFD2A978F5000AEE19D /* Release */ = {
			isa = XCBuildConfiguration;
			baseConfigurationReference = 262B68C4CE834AC8ABEC66DD /* Pods-MoviePreview.release.xcconfig */;
			buildSettings = {
				ASSETCATALOG_COMPILER_APPICON_NAME = AppIcon;
				ASSETCATALOG_COMPILER_GLOBAL_ACCENT_COLOR_NAME = AccentColor;
				CODE_SIGN_STYLE = Automatic;
				CURRENT_PROJECT_VERSION = 1;
				GENERATE_INFOPLIST_FILE = YES;
				INFOPLIST_FILE = MoviePreview/Info.plist;
				INFOPLIST_KEY_UIApplicationSupportsIndirectInputEvents = YES;
				INFOPLIST_KEY_UILaunchStoryboardName = LaunchScreen;
				INFOPLIST_KEY_UIMainStoryboardFile = Main;
				INFOPLIST_KEY_UISupportedInterfaceOrientations_iPad = "UIInterfaceOrientationPortrait UIInterfaceOrientationPortraitUpsideDown UIInterfaceOrientationLandscapeLeft UIInterfaceOrientationLandscapeRight";
				INFOPLIST_KEY_UISupportedInterfaceOrientations_iPhone = "UIInterfaceOrientationPortrait UIInterfaceOrientationLandscapeLeft UIInterfaceOrientationLandscapeRight";
				IPHONEOS_DEPLOYMENT_TARGET = 13.0;
				LD_RUNPATH_SEARCH_PATHS = (
					"$(inherited)",
					"@executable_path/Frameworks",
				);
				MARKETING_VERSION = 1.0;
				PRODUCT_BUNDLE_IDENTIFIER = com.movieDB.MoviePreview;
				PRODUCT_NAME = "$(TARGET_NAME)";
				SWIFT_EMIT_LOC_STRINGS = YES;
				SWIFT_VERSION = 5.0;
				TARGETED_DEVICE_FAMILY = "1,2";
			};
			name = Release;
		};
/* End XCBuildConfiguration section */

/* Begin XCConfigurationList section */
		B72BFAE22A978F4F00AEE19D /* Build configuration list for PBXProject "MoviePreview" */ = {
			isa = XCConfigurationList;
			buildConfigurations = (
				B72BFAF92A978F5000AEE19D /* Debug */,
				B72BFAFA2A978F5000AEE19D /* Release */,
			);
			defaultConfigurationIsVisible = 0;
			defaultConfigurationName = Release;
		};
		B72BFAFB2A978F5000AEE19D /* Build configuration list for PBXNativeTarget "MoviePreview" */ = {
			isa = XCConfigurationList;
			buildConfigurations = (
				B72BFAFC2A978F5000AEE19D /* Debug */,
				B72BFAFD2A978F5000AEE19D /* Release */,
			);
			defaultConfigurationIsVisible = 0;
			defaultConfigurationName = Release;
		};
/* End XCConfigurationList section */
	};
	rootObject = B72BFADF2A978F4F00AEE19D /* Project object */;
}
